// !$*UTF8*$!
{
	archiveVersion = 1;
	classes = {
	};
	objectVersion = 48;
	objects = {

/* Begin PBXBuildFile section */
		84CAFC4DC800F2E11D7DE97C /* Pods_DemoLogin.framework in Frameworks */ = {isa = PBXBuildFile; fileRef = 5B2E37660972BE29DA6927F3 /* Pods_DemoLogin.framework */; };
		9313E43733365FC2A17040D8 /* Pods_DemoLoginTests.framework in Frameworks */ = {isa = PBXBuildFile; fileRef = 620BD37AACE1B5E0A1F42BAB /* Pods_DemoLoginTests.framework */; };
		97A284871FDF6722009E3DF5 /* LoginViewController.m in Sources */ = {isa = PBXBuildFile; fileRef = 97A284861FDF6722009E3DF5 /* LoginViewController.m */; };
		97A2848E1FDF8D94009E3DF5 /* LoginViewModel.m in Sources */ = {isa = PBXBuildFile; fileRef = 97A2848D1FDF8D94009E3DF5 /* LoginViewModel.m */; };
		97A284921FDF97A6009E3DF5 /* ValidationResult.m in Sources */ = {isa = PBXBuildFile; fileRef = 97A284911FDF97A6009E3DF5 /* ValidationResult.m */; };
		97A284941FDFC107009E3DF5 /* LoginViewModelTest.m in Sources */ = {isa = PBXBuildFile; fileRef = 97A284931FDFC107009E3DF5 /* LoginViewModelTest.m */; };
		97A284991FE0D785009E3DF5 /* APIClient.m in Sources */ = {isa = PBXBuildFile; fileRef = 97A284981FE0D785009E3DF5 /* APIClient.m */; };
		97A2849D1FE0D9BA009E3DF5 /* UserModel.m in Sources */ = {isa = PBXBuildFile; fileRef = 97A2849C1FE0D9BA009E3DF5 /* UserModel.m */; };
		97A284A41FE10054009E3DF5 /* AgileAPIClient.m in Sources */ = {isa = PBXBuildFile; fileRef = 97A284A31FE10054009E3DF5 /* AgileAPIClient.m */; };
		97A284A81FE1181C009E3DF5 /* StubHTTPsRequestHelper.m in Sources */ = {isa = PBXBuildFile; fileRef = 97A284A71FE1181C009E3DF5 /* StubHTTPsRequestHelper.m */; };
		97F2372E1FDF660700135799 /* AppDelegate.m in Sources */ = {isa = PBXBuildFile; fileRef = 97F2372D1FDF660700135799 /* AppDelegate.m */; };
		97F237311FDF660700135799 /* ViewController.m in Sources */ = {isa = PBXBuildFile; fileRef = 97F237301FDF660700135799 /* ViewController.m */; };
		97F237341FDF660700135799 /* Main.storyboard in Resources */ = {isa = PBXBuildFile; fileRef = 97F237321FDF660700135799 /* Main.storyboard */; };
		97F237361FDF660700135799 /* Assets.xcassets in Resources */ = {isa = PBXBuildFile; fileRef = 97F237351FDF660700135799 /* Assets.xcassets */; };
		97F237391FDF660700135799 /* LaunchScreen.storyboard in Resources */ = {isa = PBXBuildFile; fileRef = 97F237371FDF660700135799 /* LaunchScreen.storyboard */; };
		97F2373C1FDF660700135799 /* main.m in Sources */ = {isa = PBXBuildFile; fileRef = 97F2373B1FDF660700135799 /* main.m */; };
		97F237461FDF660700135799 /* DemoLoginTests.m in Sources */ = {isa = PBXBuildFile; fileRef = 97F237451FDF660700135799 /* DemoLoginTests.m */; };
		97F237511FDF660700135799 /* DemoLoginUITests.m in Sources */ = {isa = PBXBuildFile; fileRef = 97F237501FDF660700135799 /* DemoLoginUITests.m */; };
		FEAA2777D7E9A4DEB85C041E /* Pods_DemoLoginUITests.framework in Frameworks */ = {isa = PBXBuildFile; fileRef = E3F23B07EE53D48436ECA2F0 /* Pods_DemoLoginUITests.framework */; };
/* End PBXBuildFile section */

/* Begin PBXContainerItemProxy section */
		97F237421FDF660700135799 /* PBXContainerItemProxy */ = {
			isa = PBXContainerItemProxy;
			containerPortal = 97F237211FDF660700135799 /* Project object */;
			proxyType = 1;
			remoteGlobalIDString = 97F237281FDF660700135799;
			remoteInfo = DemoLogin;
		};
		97F2374D1FDF660700135799 /* PBXContainerItemProxy */ = {
			isa = PBXContainerItemProxy;
			containerPortal = 97F237211FDF660700135799 /* Project object */;
			proxyType = 1;
			remoteGlobalIDString = 97F237281FDF660700135799;
			remoteInfo = DemoLogin;
		};
/* End PBXContainerItemProxy section */

/* Begin PBXFileReference section */
		0CE495528F4CA00E9A220CD2 /* Pods-DemoLogin.release.xcconfig */ = {isa = PBXFileReference; includeInIndex = 1; lastKnownFileType = text.xcconfig; name = "Pods-DemoLogin.release.xcconfig"; path = "Pods/Target Support Files/Pods-DemoLogin/Pods-DemoLogin.release.xcconfig"; sourceTree = "<group>"; };
		4315103C66D408B19B41CEC1 /* Pods-DemoLoginTests.debug.xcconfig */ = {isa = PBXFileReference; includeInIndex = 1; lastKnownFileType = text.xcconfig; name = "Pods-DemoLoginTests.debug.xcconfig"; path = "Pods/Target Support Files/Pods-DemoLoginTests/Pods-DemoLoginTests.debug.xcconfig"; sourceTree = "<group>"; };
		5AF8C3F489D5F59278F797AE /* Pods-DemoLoginUITests.release.xcconfig */ = {isa = PBXFileReference; includeInIndex = 1; lastKnownFileType = text.xcconfig; name = "Pods-DemoLoginUITests.release.xcconfig"; path = "Pods/Target Support Files/Pods-DemoLoginUITests/Pods-DemoLoginUITests.release.xcconfig"; sourceTree = "<group>"; };
		5B2E37660972BE29DA6927F3 /* Pods_DemoLogin.framework */ = {isa = PBXFileReference; explicitFileType = wrapper.framework; includeInIndex = 0; path = Pods_DemoLogin.framework; sourceTree = BUILT_PRODUCTS_DIR; };
		620BD37AACE1B5E0A1F42BAB /* Pods_DemoLoginTests.framework */ = {isa = PBXFileReference; explicitFileType = wrapper.framework; includeInIndex = 0; path = Pods_DemoLoginTests.framework; sourceTree = BUILT_PRODUCTS_DIR; };
		97A284851FDF6722009E3DF5 /* LoginViewController.h */ = {isa = PBXFileReference; lastKnownFileType = sourcecode.c.h; path = LoginViewController.h; sourceTree = "<group>"; };
		97A284861FDF6722009E3DF5 /* LoginViewController.m */ = {isa = PBXFileReference; lastKnownFileType = sourcecode.c.objc; path = LoginViewController.m; sourceTree = "<group>"; };
		97A2848C1FDF8D94009E3DF5 /* LoginViewModel.h */ = {isa = PBXFileReference; lastKnownFileType = sourcecode.c.h; path = LoginViewModel.h; sourceTree = "<group>"; };
		97A2848D1FDF8D94009E3DF5 /* LoginViewModel.m */ = {isa = PBXFileReference; lastKnownFileType = sourcecode.c.objc; path = LoginViewModel.m; sourceTree = "<group>"; };
		97A284901FDF97A6009E3DF5 /* ValidationResult.h */ = {isa = PBXFileReference; lastKnownFileType = sourcecode.c.h; path = ValidationResult.h; sourceTree = "<group>"; };
		97A284911FDF97A6009E3DF5 /* ValidationResult.m */ = {isa = PBXFileReference; lastKnownFileType = sourcecode.c.objc; path = ValidationResult.m; sourceTree = "<group>"; };
		97A284931FDFC107009E3DF5 /* LoginViewModelTest.m */ = {isa = PBXFileReference; lastKnownFileType = sourcecode.c.objc; path = LoginViewModelTest.m; sourceTree = "<group>"; };
		97A284971FE0D785009E3DF5 /* APIClient.h */ = {isa = PBXFileReference; lastKnownFileType = sourcecode.c.h; path = APIClient.h; sourceTree = "<group>"; };
		97A284981FE0D785009E3DF5 /* APIClient.m */ = {isa = PBXFileReference; lastKnownFileType = sourcecode.c.objc; path = APIClient.m; sourceTree = "<group>"; };
		97A2849B1FE0D9BA009E3DF5 /* UserModel.h */ = {isa = PBXFileReference; lastKnownFileType = sourcecode.c.h; path = UserModel.h; sourceTree = "<group>"; };
		97A2849C1FE0D9BA009E3DF5 /* UserModel.m */ = {isa = PBXFileReference; lastKnownFileType = sourcecode.c.objc; path = UserModel.m; sourceTree = "<group>"; };
		97A284A21FE10054009E3DF5 /* AgileAPIClient.h */ = {isa = PBXFileReference; lastKnownFileType = sourcecode.c.h; path = AgileAPIClient.h; sourceTree = "<group>"; };
		97A284A31FE10054009E3DF5 /* AgileAPIClient.m */ = {isa = PBXFileReference; lastKnownFileType = sourcecode.c.objc; path = AgileAPIClient.m; sourceTree = "<group>"; };
		97A284A61FE1181C009E3DF5 /* StubHTTPsRequestHelper.h */ = {isa = PBXFileReference; lastKnownFileType = sourcecode.c.h; path = StubHTTPsRequestHelper.h; sourceTree = "<group>"; };
		97A284A71FE1181C009E3DF5 /* StubHTTPsRequestHelper.m */ = {isa = PBXFileReference; lastKnownFileType = sourcecode.c.objc; path = StubHTTPsRequestHelper.m; sourceTree = "<group>"; };
		97F237291FDF660700135799 /* DemoLogin.app */ = {isa = PBXFileReference; explicitFileType = wrapper.application; includeInIndex = 0; path = DemoLogin.app; sourceTree = BUILT_PRODUCTS_DIR; };
		97F2372C1FDF660700135799 /* AppDelegate.h */ = {isa = PBXFileReference; lastKnownFileType = sourcecode.c.h; path = AppDelegate.h; sourceTree = "<group>"; };
		97F2372D1FDF660700135799 /* AppDelegate.m */ = {isa = PBXFileReference; lastKnownFileType = sourcecode.c.objc; path = AppDelegate.m; sourceTree = "<group>"; };
		97F2372F1FDF660700135799 /* ViewController.h */ = {isa = PBXFileReference; lastKnownFileType = sourcecode.c.h; path = ViewController.h; sourceTree = "<group>"; };
		97F237301FDF660700135799 /* ViewController.m */ = {isa = PBXFileReference; lastKnownFileType = sourcecode.c.objc; path = ViewController.m; sourceTree = "<group>"; };
		97F237331FDF660700135799 /* Base */ = {isa = PBXFileReference; lastKnownFileType = file.storyboard; name = Base; path = Base.lproj/Main.storyboard; sourceTree = "<group>"; };
		97F237351FDF660700135799 /* Assets.xcassets */ = {isa = PBXFileReference; lastKnownFileType = folder.assetcatalog; path = Assets.xcassets; sourceTree = "<group>"; };
		97F237381FDF660700135799 /* Base */ = {isa = PBXFileReference; lastKnownFileType = file.storyboard; name = Base; path = Base.lproj/LaunchScreen.storyboard; sourceTree = "<group>"; };
		97F2373A1FDF660700135799 /* Info.plist */ = {isa = PBXFileReference; lastKnownFileType = text.plist.xml; path = Info.plist; sourceTree = "<group>"; };
		97F2373B1FDF660700135799 /* main.m */ = {isa = PBXFileReference; lastKnownFileType = sourcecode.c.objc; path = main.m; sourceTree = "<group>"; };
		97F237411FDF660700135799 /* DemoLoginTests.xctest */ = {isa = PBXFileReference; explicitFileType = wrapper.cfbundle; includeInIndex = 0; path = DemoLoginTests.xctest; sourceTree = BUILT_PRODUCTS_DIR; };
		97F237451FDF660700135799 /* DemoLoginTests.m */ = {isa = PBXFileReference; lastKnownFileType = sourcecode.c.objc; path = DemoLoginTests.m; sourceTree = "<group>"; };
		97F237471FDF660700135799 /* Info.plist */ = {isa = PBXFileReference; lastKnownFileType = text.plist.xml; path = Info.plist; sourceTree = "<group>"; };
		97F2374C1FDF660700135799 /* DemoLoginUITests.xctest */ = {isa = PBXFileReference; explicitFileType = wrapper.cfbundle; includeInIndex = 0; path = DemoLoginUITests.xctest; sourceTree = BUILT_PRODUCTS_DIR; };
		97F237501FDF660700135799 /* DemoLoginUITests.m */ = {isa = PBXFileReference; lastKnownFileType = sourcecode.c.objc; path = DemoLoginUITests.m; sourceTree = "<group>"; };
		97F237521FDF660700135799 /* Info.plist */ = {isa = PBXFileReference; lastKnownFileType = text.plist.xml; path = Info.plist; sourceTree = "<group>"; };
		A261339CC68A88FCE553A165 /* Pods-DemoLogin.debug.xcconfig */ = {isa = PBXFileReference; includeInIndex = 1; lastKnownFileType = text.xcconfig; name = "Pods-DemoLogin.debug.xcconfig"; path = "Pods/Target Support Files/Pods-DemoLogin/Pods-DemoLogin.debug.xcconfig"; sourceTree = "<group>"; };
		E3F23B07EE53D48436ECA2F0 /* Pods_DemoLoginUITests.framework */ = {isa = PBXFileReference; explicitFileType = wrapper.framework; includeInIndex = 0; path = Pods_DemoLoginUITests.framework; sourceTree = BUILT_PRODUCTS_DIR; };
		E9E1E33BF9A5A716AE27D080 /* Pods-DemoLoginTests.release.xcconfig */ = {isa = PBXFileReference; includeInIndex = 1; lastKnownFileType = text.xcconfig; name = "Pods-DemoLoginTests.release.xcconfig"; path = "Pods/Target Support Files/Pods-DemoLoginTests/Pods-DemoLoginTests.release.xcconfig"; sourceTree = "<group>"; };
		F7263080CC45A1897C58DDDC /* Pods-DemoLoginUITests.debug.xcconfig */ = {isa = PBXFileReference; includeInIndex = 1; lastKnownFileType = text.xcconfig; name = "Pods-DemoLoginUITests.debug.xcconfig"; path = "Pods/Target Support Files/Pods-DemoLoginUITests/Pods-DemoLoginUITests.debug.xcconfig"; sourceTree = "<group>"; };
/* End PBXFileReference section */

/* Begin PBXFrameworksBuildPhase section */
		97F237261FDF660700135799 /* Frameworks */ = {
			isa = PBXFrameworksBuildPhase;
			buildActionMask = 2147483647;
			files = (
				84CAFC4DC800F2E11D7DE97C /* Pods_DemoLogin.framework in Frameworks */,
			);
			runOnlyForDeploymentPostprocessing = 0;
		};
		97F2373E1FDF660700135799 /* Frameworks */ = {
			isa = PBXFrameworksBuildPhase;
			buildActionMask = 2147483647;
			files = (
				9313E43733365FC2A17040D8 /* Pods_DemoLoginTests.framework in Frameworks */,
			);
			runOnlyForDeploymentPostprocessing = 0;
		};
		97F237491FDF660700135799 /* Frameworks */ = {
			isa = PBXFrameworksBuildPhase;
			buildActionMask = 2147483647;
			files = (
				FEAA2777D7E9A4DEB85C041E /* Pods_DemoLoginUITests.framework in Frameworks */,
			);
			runOnlyForDeploymentPostprocessing = 0;
		};
/* End PBXFrameworksBuildPhase section */

/* Begin PBXGroup section */
		0526CEBA745AF8066C9345CB /* Pods */ = {
			isa = PBXGroup;
			children = (
				A261339CC68A88FCE553A165 /* Pods-DemoLogin.debug.xcconfig */,
				0CE495528F4CA00E9A220CD2 /* Pods-DemoLogin.release.xcconfig */,
				4315103C66D408B19B41CEC1 /* Pods-DemoLoginTests.debug.xcconfig */,
				E9E1E33BF9A5A716AE27D080 /* Pods-DemoLoginTests.release.xcconfig */,
				F7263080CC45A1897C58DDDC /* Pods-DemoLoginUITests.debug.xcconfig */,
				5AF8C3F489D5F59278F797AE /* Pods-DemoLoginUITests.release.xcconfig */,
			);
			name = Pods;
			sourceTree = "<group>";
		};
		756B9E0E304DB96D34DB147F /* Frameworks */ = {
			isa = PBXGroup;
			children = (
				5B2E37660972BE29DA6927F3 /* Pods_DemoLogin.framework */,
				620BD37AACE1B5E0A1F42BAB /* Pods_DemoLoginTests.framework */,
				E3F23B07EE53D48436ECA2F0 /* Pods_DemoLoginUITests.framework */,
			);
			name = Frameworks;
			sourceTree = "<group>";
		};
		97A284821FDF66C8009E3DF5 /* AppDelegate */ = {
			isa = PBXGroup;
			children = (
				97F2372C1FDF660700135799 /* AppDelegate.h */,
				97F2372D1FDF660700135799 /* AppDelegate.m */,
			);
			path = AppDelegate;
			sourceTree = "<group>";
		};
		97A284831FDF66E7009E3DF5 /* ViewControllers */ = {
			isa = PBXGroup;
			children = (
				97A284841FDF66F9009E3DF5 /* LoginViewController */,
			);
			path = ViewControllers;
			sourceTree = "<group>";
		};
		97A284841FDF66F9009E3DF5 /* LoginViewController */ = {
			isa = PBXGroup;
			children = (
				97A2848B1FDF8D65009E3DF5 /* ViewModel */,
				97A284851FDF6722009E3DF5 /* LoginViewController.h */,
				97A284861FDF6722009E3DF5 /* LoginViewController.m */,
			);
			path = LoginViewController;
			sourceTree = "<group>";
		};
		97A2848B1FDF8D65009E3DF5 /* ViewModel */ = {
			isa = PBXGroup;
			children = (
				97A2848C1FDF8D94009E3DF5 /* LoginViewModel.h */,
				97A2848D1FDF8D94009E3DF5 /* LoginViewModel.m */,
			);
			path = ViewModel;
			sourceTree = "<group>";
		};
		97A2848F1FDF9779009E3DF5 /* Validator */ = {
			isa = PBXGroup;
			children = (
				97A284901FDF97A6009E3DF5 /* ValidationResult.h */,
				97A284911FDF97A6009E3DF5 /* ValidationResult.m */,
			);
			path = Validator;
			sourceTree = "<group>";
		};
		97A284951FE0D711009E3DF5 /* Service */ = {
			isa = PBXGroup;
			children = (
				97A284A51FE117AB009E3DF5 /* StubHTTPSRequestHelper */,
				97A284961FE0D72C009E3DF5 /* WebService */,
			);
			path = Service;
			sourceTree = "<group>";
		};
		97A284961FE0D72C009E3DF5 /* WebService */ = {
			isa = PBXGroup;
			children = (
				97A284A11FE10018009E3DF5 /* AgileAPIClient */,
				97A284971FE0D785009E3DF5 /* APIClient.h */,
				97A284981FE0D785009E3DF5 /* APIClient.m */,
			);
			path = WebService;
			sourceTree = "<group>";
		};
		97A2849A1FE0D999009E3DF5 /* Model */ = {
			isa = PBXGroup;
			children = (
				97A2849B1FE0D9BA009E3DF5 /* UserModel.h */,
				97A2849C1FE0D9BA009E3DF5 /* UserModel.m */,
			);
			path = Model;
			sourceTree = "<group>";
		};
		97A284A11FE10018009E3DF5 /* AgileAPIClient */ = {
			isa = PBXGroup;
			children = (
				97A284A21FE10054009E3DF5 /* AgileAPIClient.h */,
				97A284A31FE10054009E3DF5 /* AgileAPIClient.m */,
			);
			path = AgileAPIClient;
			sourceTree = "<group>";
		};
		97A284A51FE117AB009E3DF5 /* StubHTTPSRequestHelper */ = {
			isa = PBXGroup;
			children = (
				97A284A61FE1181C009E3DF5 /* StubHTTPsRequestHelper.h */,
				97A284A71FE1181C009E3DF5 /* StubHTTPsRequestHelper.m */,
			);
			path = StubHTTPSRequestHelper;
			sourceTree = "<group>";
		};
		97F237201FDF660700135799 = {
			isa = PBXGroup;
			children = (
				97F2372B1FDF660700135799 /* DemoLogin */,
				97F237441FDF660700135799 /* DemoLoginTests */,
				97F2374F1FDF660700135799 /* DemoLoginUITests */,
				97F2372A1FDF660700135799 /* Products */,
				0526CEBA745AF8066C9345CB /* Pods */,
				756B9E0E304DB96D34DB147F /* Frameworks */,
			);
			sourceTree = "<group>";
		};
		97F2372A1FDF660700135799 /* Products */ = {
			isa = PBXGroup;
			children = (
				97F237291FDF660700135799 /* DemoLogin.app */,
				97F237411FDF660700135799 /* DemoLoginTests.xctest */,
				97F2374C1FDF660700135799 /* DemoLoginUITests.xctest */,
			);
			name = Products;
			sourceTree = "<group>";
		};
		97F2372B1FDF660700135799 /* DemoLogin */ = {
			isa = PBXGroup;
			children = (
				97A2849A1FE0D999009E3DF5 /* Model */,
				97A284951FE0D711009E3DF5 /* Service */,
				97A2848F1FDF9779009E3DF5 /* Validator */,
				97A284831FDF66E7009E3DF5 /* ViewControllers */,
				97A284821FDF66C8009E3DF5 /* AppDelegate */,
				97F2372F1FDF660700135799 /* ViewController.h */,
				97F237301FDF660700135799 /* ViewController.m */,
				97F237321FDF660700135799 /* Main.storyboard */,
				97F237351FDF660700135799 /* Assets.xcassets */,
				97F237371FDF660700135799 /* LaunchScreen.storyboard */,
				97F2373A1FDF660700135799 /* Info.plist */,
				97F2373B1FDF660700135799 /* main.m */,
			);
			path = DemoLogin;
			sourceTree = "<group>";
		};
		97F237441FDF660700135799 /* DemoLoginTests */ = {
			isa = PBXGroup;
			children = (
				97A284931FDFC107009E3DF5 /* LoginViewModelTest.m */,
				97F237451FDF660700135799 /* DemoLoginTests.m */,
				97F237471FDF660700135799 /* Info.plist */,
			);
			path = DemoLoginTests;
			sourceTree = "<group>";
		};
		97F2374F1FDF660700135799 /* DemoLoginUITests */ = {
			isa = PBXGroup;
			children = (
				97F237501FDF660700135799 /* DemoLoginUITests.m */,
				97F237521FDF660700135799 /* Info.plist */,
			);
			path = DemoLoginUITests;
			sourceTree = "<group>";
		};
/* End PBXGroup section */

/* Begin PBXNativeTarget section */
		97F237281FDF660700135799 /* DemoLogin */ = {
			isa = PBXNativeTarget;
			buildConfigurationList = 97F237551FDF660700135799 /* Build configuration list for PBXNativeTarget "DemoLogin" */;
			buildPhases = (
				594B98164C3BBB8999421F73 /* [CP] Check Pods Manifest.lock */,
				97F237251FDF660700135799 /* Sources */,
				97F237261FDF660700135799 /* Frameworks */,
				97F237271FDF660700135799 /* Resources */,
				176610CE8842027653D6E543 /* [CP] Embed Pods Frameworks */,
				E82300FFBEA744740BC2D387 /* [CP] Copy Pods Resources */,
			);
			buildRules = (
			);
			dependencies = (
			);
			name = DemoLogin;
			productName = DemoLogin;
			productReference = 97F237291FDF660700135799 /* DemoLogin.app */;
			productType = "com.apple.product-type.application";
		};
		97F237401FDF660700135799 /* DemoLoginTests */ = {
			isa = PBXNativeTarget;
			buildConfigurationList = 97F237581FDF660700135799 /* Build configuration list for PBXNativeTarget "DemoLoginTests" */;
			buildPhases = (
				D2B4DC530772254291D4DDCF /* [CP] Check Pods Manifest.lock */,
				97F2373D1FDF660700135799 /* Sources */,
				97F2373E1FDF660700135799 /* Frameworks */,
				97F2373F1FDF660700135799 /* Resources */,
				FABC886790AD908B48642088 /* [CP] Embed Pods Frameworks */,
				C7126FA79849DA81B78518FD /* [CP] Copy Pods Resources */,
			);
			buildRules = (
			);
			dependencies = (
				97F237431FDF660700135799 /* PBXTargetDependency */,
			);
			name = DemoLoginTests;
			productName = DemoLoginTests;
			productReference = 97F237411FDF660700135799 /* DemoLoginTests.xctest */;
			productType = "com.apple.product-type.bundle.unit-test";
		};
		97F2374B1FDF660700135799 /* DemoLoginUITests */ = {
			isa = PBXNativeTarget;
			buildConfigurationList = 97F2375B1FDF660700135799 /* Build configuration list for PBXNativeTarget "DemoLoginUITests" */;
			buildPhases = (
				E6E6680D27752899CCA252AB /* [CP] Check Pods Manifest.lock */,
				97F237481FDF660700135799 /* Sources */,
				97F237491FDF660700135799 /* Frameworks */,
				97F2374A1FDF660700135799 /* Resources */,
				8AAF16ECEC6CED83609D5912 /* [CP] Embed Pods Frameworks */,
				B3F554D7DD982D0DF0A32B28 /* [CP] Copy Pods Resources */,
			);
			buildRules = (
			);
			dependencies = (
				97F2374E1FDF660700135799 /* PBXTargetDependency */,
			);
			name = DemoLoginUITests;
			productName = DemoLoginUITests;
			productReference = 97F2374C1FDF660700135799 /* DemoLoginUITests.xctest */;
			productType = "com.apple.product-type.bundle.ui-testing";
		};
/* End PBXNativeTarget section */

/* Begin PBXProject section */
		97F237211FDF660700135799 /* Project object */ = {
			isa = PBXProject;
			attributes = {
				LastUpgradeCheck = 0910;
				ORGANIZATIONNAME = "East Agile";
				TargetAttributes = {
					97F237281FDF660700135799 = {
						CreatedOnToolsVersion = 9.1;
						ProvisioningStyle = Automatic;
					};
					97F237401FDF660700135799 = {
						CreatedOnToolsVersion = 9.1;
						ProvisioningStyle = Automatic;
						TestTargetID = 97F237281FDF660700135799;
					};
					97F2374B1FDF660700135799 = {
						CreatedOnToolsVersion = 9.1;
						ProvisioningStyle = Automatic;
						TestTargetID = 97F237281FDF660700135799;
					};
				};
			};
			buildConfigurationList = 97F237241FDF660700135799 /* Build configuration list for PBXProject "DemoLogin" */;
			compatibilityVersion = "Xcode 8.0";
			developmentRegion = en;
			hasScannedForEncodings = 0;
			knownRegions = (
				en,
				Base,
			);
			mainGroup = 97F237201FDF660700135799;
			productRefGroup = 97F2372A1FDF660700135799 /* Products */;
			projectDirPath = "";
			projectRoot = "";
			targets = (
				97F237281FDF660700135799 /* DemoLogin */,
				97F237401FDF660700135799 /* DemoLoginTests */,
				97F2374B1FDF660700135799 /* DemoLoginUITests */,
			);
		};
/* End PBXProject section */

/* Begin PBXResourcesBuildPhase section */
		97F237271FDF660700135799 /* Resources */ = {
			isa = PBXResourcesBuildPhase;
			buildActionMask = 2147483647;
			files = (
				97F237391FDF660700135799 /* LaunchScreen.storyboard in Resources */,
				97F237361FDF660700135799 /* Assets.xcassets in Resources */,
				97F237341FDF660700135799 /* Main.storyboard in Resources */,
			);
			runOnlyForDeploymentPostprocessing = 0;
		};
		97F2373F1FDF660700135799 /* Resources */ = {
			isa = PBXResourcesBuildPhase;
			buildActionMask = 2147483647;
			files = (
			);
			runOnlyForDeploymentPostprocessing = 0;
		};
		97F2374A1FDF660700135799 /* Resources */ = {
			isa = PBXResourcesBuildPhase;
			buildActionMask = 2147483647;
			files = (
			);
			runOnlyForDeploymentPostprocessing = 0;
		};
/* End PBXResourcesBuildPhase section */

/* Begin PBXShellScriptBuildPhase section */
		176610CE8842027653D6E543 /* [CP] Embed Pods Frameworks */ = {
			isa = PBXShellScriptBuildPhase;
			buildActionMask = 2147483647;
			files = (
			);
			inputPaths = (
				"${SRCROOT}/Pods/Target Support Files/Pods-DemoLogin/Pods-DemoLogin-frameworks.sh",
				"${BUILT_PRODUCTS_DIR}/AFNetworking/AFNetworking.framework",
				"${BUILT_PRODUCTS_DIR}/JSONModel/JSONModel.framework",
				"${BUILT_PRODUCTS_DIR}/OCMock/OCMock.framework",
				"${BUILT_PRODUCTS_DIR}/OHHTTPStubs/OHHTTPStubs.framework",
				"${BUILT_PRODUCTS_DIR}/ReactiveObjC/ReactiveObjC.framework",
			);
			name = "[CP] Embed Pods Frameworks";
			outputPaths = (
				"${TARGET_BUILD_DIR}/${FRAMEWORKS_FOLDER_PATH}/AFNetworking.framework",
				"${TARGET_BUILD_DIR}/${FRAMEWORKS_FOLDER_PATH}/JSONModel.framework",
				"${TARGET_BUILD_DIR}/${FRAMEWORKS_FOLDER_PATH}/OCMock.framework",
				"${TARGET_BUILD_DIR}/${FRAMEWORKS_FOLDER_PATH}/OHHTTPStubs.framework",
				"${TARGET_BUILD_DIR}/${FRAMEWORKS_FOLDER_PATH}/ReactiveObjC.framework",
			);
			runOnlyForDeploymentPostprocessing = 0;
			shellPath = /bin/sh;
			shellScript = "\"${SRCROOT}/Pods/Target Support Files/Pods-DemoLogin/Pods-DemoLogin-frameworks.sh\"\n";
			showEnvVarsInLog = 0;
		};
		594B98164C3BBB8999421F73 /* [CP] Check Pods Manifest.lock */ = {
			isa = PBXShellScriptBuildPhase;
			buildActionMask = 2147483647;
			files = (
			);
			inputPaths = (
				"${PODS_PODFILE_DIR_PATH}/Podfile.lock",
				"${PODS_ROOT}/Manifest.lock",
			);
			name = "[CP] Check Pods Manifest.lock";
			outputPaths = (
				"$(DERIVED_FILE_DIR)/Pods-DemoLogin-checkManifestLockResult.txt",
			);
			runOnlyForDeploymentPostprocessing = 0;
			shellPath = /bin/sh;
			shellScript = "diff \"${PODS_PODFILE_DIR_PATH}/Podfile.lock\" \"${PODS_ROOT}/Manifest.lock\" > /dev/null\nif [ $? != 0 ] ; then\n    # print error to STDERR\n    echo \"error: The sandbox is not in sync with the Podfile.lock. Run 'pod install' or update your CocoaPods installation.\" >&2\n    exit 1\nfi\n# This output is used by Xcode 'outputs' to avoid re-running this script phase.\necho \"SUCCESS\" > \"${SCRIPT_OUTPUT_FILE_0}\"\n";
			showEnvVarsInLog = 0;
		};
		8AAF16ECEC6CED83609D5912 /* [CP] Embed Pods Frameworks */ = {
			isa = PBXShellScriptBuildPhase;
			buildActionMask = 2147483647;
			files = (
			);
			inputPaths = (
			);
			name = "[CP] Embed Pods Frameworks";
			outputPaths = (
			);
			runOnlyForDeploymentPostprocessing = 0;
			shellPath = /bin/sh;
			shellScript = "\"${SRCROOT}/Pods/Target Support Files/Pods-DemoLoginUITests/Pods-DemoLoginUITests-frameworks.sh\"\n";
			showEnvVarsInLog = 0;
		};
		B3F554D7DD982D0DF0A32B28 /* [CP] Copy Pods Resources */ = {
			isa = PBXShellScriptBuildPhase;
			buildActionMask = 2147483647;
			files = (
			);
			inputPaths = (
			);
			name = "[CP] Copy Pods Resources";
			outputPaths = (
			);
			runOnlyForDeploymentPostprocessing = 0;
			shellPath = /bin/sh;
			shellScript = "\"${SRCROOT}/Pods/Target Support Files/Pods-DemoLoginUITests/Pods-DemoLoginUITests-resources.sh\"\n";
			showEnvVarsInLog = 0;
		};
		C7126FA79849DA81B78518FD /* [CP] Copy Pods Resources */ = {
			isa = PBXShellScriptBuildPhase;
			buildActionMask = 2147483647;
			files = (
			);
			inputPaths = (
			);
			name = "[CP] Copy Pods Resources";
			outputPaths = (
			);
			runOnlyForDeploymentPostprocessing = 0;
			shellPath = /bin/sh;
			shellScript = "\"${SRCROOT}/Pods/Target Support Files/Pods-DemoLoginTests/Pods-DemoLoginTests-resources.sh\"\n";
			showEnvVarsInLog = 0;
		};
		D2B4DC530772254291D4DDCF /* [CP] Check Pods Manifest.lock */ = {
			isa = PBXShellScriptBuildPhase;
			buildActionMask = 2147483647;
			files = (
			);
			inputPaths = (
				"${PODS_PODFILE_DIR_PATH}/Podfile.lock",
				"${PODS_ROOT}/Manifest.lock",
			);
			name = "[CP] Check Pods Manifest.lock";
			outputPaths = (
				"$(DERIVED_FILE_DIR)/Pods-DemoLoginTests-checkManifestLockResult.txt",
			);
			runOnlyForDeploymentPostprocessing = 0;
			shellPath = /bin/sh;
			shellScript = "diff \"${PODS_PODFILE_DIR_PATH}/Podfile.lock\" \"${PODS_ROOT}/Manifest.lock\" > /dev/null\nif [ $? != 0 ] ; then\n    # print error to STDERR\n    echo \"error: The sandbox is not in sync with the Podfile.lock. Run 'pod install' or update your CocoaPods installation.\" >&2\n    exit 1\nfi\n# This output is used by Xcode 'outputs' to avoid re-running this script phase.\necho \"SUCCESS\" > \"${SCRIPT_OUTPUT_FILE_0}\"\n";
			showEnvVarsInLog = 0;
		};
		E6E6680D27752899CCA252AB /* [CP] Check Pods Manifest.lock */ = {
			isa = PBXShellScriptBuildPhase;
			buildActionMask = 2147483647;
			files = (
			);
			inputPaths = (
				"${PODS_PODFILE_DIR_PATH}/Podfile.lock",
				"${PODS_ROOT}/Manifest.lock",
			);
			name = "[CP] Check Pods Manifest.lock";
			outputPaths = (
				"$(DERIVED_FILE_DIR)/Pods-DemoLoginUITests-checkManifestLockResult.txt",
			);
			runOnlyForDeploymentPostprocessing = 0;
			shellPath = /bin/sh;
			shellScript = "diff \"${PODS_PODFILE_DIR_PATH}/Podfile.lock\" \"${PODS_ROOT}/Manifest.lock\" > /dev/null\nif [ $? != 0 ] ; then\n    # print error to STDERR\n    echo \"error: The sandbox is not in sync with the Podfile.lock. Run 'pod install' or update your CocoaPods installation.\" >&2\n    exit 1\nfi\n# This output is used by Xcode 'outputs' to avoid re-running this script phase.\necho \"SUCCESS\" > \"${SCRIPT_OUTPUT_FILE_0}\"\n";
			showEnvVarsInLog = 0;
		};
		E82300FFBEA744740BC2D387 /* [CP] Copy Pods Resources */ = {
			isa = PBXShellScriptBuildPhase;
			buildActionMask = 2147483647;
			files = (
			);
			inputPaths = (
			);
			name = "[CP] Copy Pods Resources";
			outputPaths = (
			);
			runOnlyForDeploymentPostprocessing = 0;
			shellPath = /bin/sh;
			shellScript = "\"${SRCROOT}/Pods/Target Support Files/Pods-DemoLogin/Pods-DemoLogin-resources.sh\"\n";
			showEnvVarsInLog = 0;
		};
		FABC886790AD908B48642088 /* [CP] Embed Pods Frameworks */ = {
			isa = PBXShellScriptBuildPhase;
			buildActionMask = 2147483647;
			files = (
			);
			inputPaths = (
			);
			name = "[CP] Embed Pods Frameworks";
			outputPaths = (
			);
			runOnlyForDeploymentPostprocessing = 0;
			shellPath = /bin/sh;
			shellScript = "\"${SRCROOT}/Pods/Target Support Files/Pods-DemoLoginTests/Pods-DemoLoginTests-frameworks.sh\"\n";
			showEnvVarsInLog = 0;
		};
/* End PBXShellScriptBuildPhase section */

/* Begin PBXSourcesBuildPhase section */
		97F237251FDF660700135799 /* Sources */ = {
			isa = PBXSourcesBuildPhase;
			buildActionMask = 2147483647;
			files = (
				97A284871FDF6722009E3DF5 /* LoginViewController.m in Sources */,
				97F237311FDF660700135799 /* ViewController.m in Sources */,
				97A284991FE0D785009E3DF5 /* APIClient.m in Sources */,
				97F2373C1FDF660700135799 /* main.m in Sources */,
				97A2848E1FDF8D94009E3DF5 /* LoginViewModel.m in Sources */,
				97A284A81FE1181C009E3DF5 /* StubHTTPsRequestHelper.m in Sources */,
				97A284A41FE10054009E3DF5 /* AgileAPIClient.m in Sources */,
				97F2372E1FDF660700135799 /* AppDelegate.m in Sources */,
				97A2849D1FE0D9BA009E3DF5 /* UserModel.m in Sources */,
				97A284921FDF97A6009E3DF5 /* ValidationResult.m in Sources */,
			);
			runOnlyForDeploymentPostprocessing = 0;
		};
		97F2373D1FDF660700135799 /* Sources */ = {
			isa = PBXSourcesBuildPhase;
			buildActionMask = 2147483647;
			files = (
				97A284941FDFC107009E3DF5 /* LoginViewModelTest.m in Sources */,
				97F237461FDF660700135799 /* DemoLoginTests.m in Sources */,
			);
			runOnlyForDeploymentPostprocessing = 0;
		};
		97F237481FDF660700135799 /* Sources */ = {
			isa = PBXSourcesBuildPhase;
			buildActionMask = 2147483647;
			files = (
				97F237511FDF660700135799 /* DemoLoginUITests.m in Sources */,
			);
			runOnlyForDeploymentPostprocessing = 0;
		};
/* End PBXSourcesBuildPhase section */

/* Begin PBXTargetDependency section */
		97F237431FDF660700135799 /* PBXTargetDependency */ = {
			isa = PBXTargetDependency;
			target = 97F237281FDF660700135799 /* DemoLogin */;
			targetProxy = 97F237421FDF660700135799 /* PBXContainerItemProxy */;
		};
		97F2374E1FDF660700135799 /* PBXTargetDependency */ = {
			isa = PBXTargetDependency;
			target = 97F237281FDF660700135799 /* DemoLogin */;
			targetProxy = 97F2374D1FDF660700135799 /* PBXContainerItemProxy */;
		};
/* End PBXTargetDependency section */

/* Begin PBXVariantGroup section */
		97F237321FDF660700135799 /* Main.storyboard */ = {
			isa = PBXVariantGroup;
			children = (
				97F237331FDF660700135799 /* Base */,
			);
			name = Main.storyboard;
			sourceTree = "<group>";
		};
		97F237371FDF660700135799 /* LaunchScreen.storyboard */ = {
			isa = PBXVariantGroup;
			children = (
				97F237381FDF660700135799 /* Base */,
			);
			name = LaunchScreen.storyboard;
			sourceTree = "<group>";
		};
/* End PBXVariantGroup section */

/* Begin XCBuildConfiguration section */
		97F237531FDF660700135799 /* Debug */ = {
			isa = XCBuildConfiguration;
			buildSettings = {
				ALWAYS_SEARCH_USER_PATHS = NO;
				CLANG_ANALYZER_NONNULL = YES;
				CLANG_ANALYZER_NUMBER_OBJECT_CONVERSION = YES_AGGRESSIVE;
				CLANG_CXX_LANGUAGE_STANDARD = "gnu++14";
				CLANG_CXX_LIBRARY = "libc++";
				CLANG_ENABLE_MODULES = YES;
				CLANG_ENABLE_OBJC_ARC = YES;
				CLANG_WARN_BLOCK_CAPTURE_AUTORELEASING = YES;
				CLANG_WARN_BOOL_CONVERSION = YES;
				CLANG_WARN_COMMA = YES;
				CLANG_WARN_CONSTANT_CONVERSION = YES;
				CLANG_WARN_DIRECT_OBJC_ISA_USAGE = YES_ERROR;
				CLANG_WARN_DOCUMENTATION_COMMENTS = YES;
				CLANG_WARN_EMPTY_BODY = YES;
				CLANG_WARN_ENUM_CONVERSION = YES;
				CLANG_WARN_INFINITE_RECURSION = YES;
				CLANG_WARN_INT_CONVERSION = YES;
				CLANG_WARN_NON_LITERAL_NULL_CONVERSION = YES;
				CLANG_WARN_OBJC_LITERAL_CONVERSION = YES;
				CLANG_WARN_OBJC_ROOT_CLASS = YES_ERROR;
				CLANG_WARN_RANGE_LOOP_ANALYSIS = YES;
				CLANG_WARN_STRICT_PROTOTYPES = YES;
				CLANG_WARN_SUSPICIOUS_MOVE = YES;
				CLANG_WARN_UNGUARDED_AVAILABILITY = YES_AGGRESSIVE;
				CLANG_WARN_UNREACHABLE_CODE = YES;
				CLANG_WARN__DUPLICATE_METHOD_MATCH = YES;
				CODE_SIGN_IDENTITY = "iPhone Developer";
				COPY_PHASE_STRIP = NO;
				DEBUG_INFORMATION_FORMAT = dwarf;
				ENABLE_STRICT_OBJC_MSGSEND = YES;
				ENABLE_TESTABILITY = YES;
				GCC_C_LANGUAGE_STANDARD = gnu11;
				GCC_DYNAMIC_NO_PIC = NO;
				GCC_NO_COMMON_BLOCKS = YES;
				GCC_OPTIMIZATION_LEVEL = 0;
				GCC_PREPROCESSOR_DEFINITIONS = (
					"DEBUG=1",
					"$(inherited)",
				);
				GCC_WARN_64_TO_32_BIT_CONVERSION = YES;
				GCC_WARN_ABOUT_RETURN_TYPE = YES_ERROR;
				GCC_WARN_UNDECLARED_SELECTOR = YES;
				GCC_WARN_UNINITIALIZED_AUTOS = YES_AGGRESSIVE;
				GCC_WARN_UNUSED_FUNCTION = YES;
				GCC_WARN_UNUSED_VARIABLE = YES;
				IPHONEOS_DEPLOYMENT_TARGET = 11.1;
				MTL_ENABLE_DEBUG_INFO = YES;
				ONLY_ACTIVE_ARCH = YES;
				SDKROOT = iphoneos;
			};
			name = Debug;
		};
		97F237541FDF660700135799 /* Release */ = {
			isa = XCBuildConfiguration;
			buildSettings = {
				ALWAYS_SEARCH_USER_PATHS = NO;
				CLANG_ANALYZER_NONNULL = YES;
				CLANG_ANALYZER_NUMBER_OBJECT_CONVERSION = YES_AGGRESSIVE;
				CLANG_CXX_LANGUAGE_STANDARD = "gnu++14";
				CLANG_CXX_LIBRARY = "libc++";
				CLANG_ENABLE_MODULES = YES;
				CLANG_ENABLE_OBJC_ARC = YES;
				CLANG_WARN_BLOCK_CAPTURE_AUTORELEASING = YES;
				CLANG_WARN_BOOL_CONVERSION = YES;
				CLANG_WARN_COMMA = YES;
				CLANG_WARN_CONSTANT_CONVERSION = YES;
				CLANG_WARN_DIRECT_OBJC_ISA_USAGE = YES_ERROR;
				CLANG_WARN_DOCUMENTATION_COMMENTS = YES;
				CLANG_WARN_EMPTY_BODY = YES;
				CLANG_WARN_ENUM_CONVERSION = YES;
				CLANG_WARN_INFINITE_RECURSION = YES;
				CLANG_WARN_INT_CONVERSION = YES;
				CLANG_WARN_NON_LITERAL_NULL_CONVERSION = YES;
				CLANG_WARN_OBJC_LITERAL_CONVERSION = YES;
				CLANG_WARN_OBJC_ROOT_CLASS = YES_ERROR;
				CLANG_WARN_RANGE_LOOP_ANALYSIS = YES;
				CLANG_WARN_STRICT_PROTOTYPES = YES;
				CLANG_WARN_SUSPICIOUS_MOVE = YES;
				CLANG_WARN_UNGUARDED_AVAILABILITY = YES_AGGRESSIVE;
				CLANG_WARN_UNREACHABLE_CODE = YES;
				CLANG_WARN__DUPLICATE_METHOD_MATCH = YES;
				CODE_SIGN_IDENTITY = "iPhone Developer";
				COPY_PHASE_STRIP = NO;
				DEBUG_INFORMATION_FORMAT = "dwarf-with-dsym";
				ENABLE_NS_ASSERTIONS = NO;
				ENABLE_STRICT_OBJC_MSGSEND = YES;
				GCC_C_LANGUAGE_STANDARD = gnu11;
				GCC_NO_COMMON_BLOCKS = YES;
				GCC_WARN_64_TO_32_BIT_CONVERSION = YES;
				GCC_WARN_ABOUT_RETURN_TYPE = YES_ERROR;
				GCC_WARN_UNDECLARED_SELECTOR = YES;
				GCC_WARN_UNINITIALIZED_AUTOS = YES_AGGRESSIVE;
				GCC_WARN_UNUSED_FUNCTION = YES;
				GCC_WARN_UNUSED_VARIABLE = YES;
				IPHONEOS_DEPLOYMENT_TARGET = 11.1;
				MTL_ENABLE_DEBUG_INFO = NO;
				SDKROOT = iphoneos;
				VALIDATE_PRODUCT = YES;
			};
			name = Release;
		};
		97F237561FDF660700135799 /* Debug */ = {
			isa = XCBuildConfiguration;
			baseConfigurationReference = A261339CC68A88FCE553A165 /* Pods-DemoLogin.debug.xcconfig */;
			buildSettings = {
				ASSETCATALOG_COMPILER_APPICON_NAME = AppIcon;
				CODE_SIGN_STYLE = Automatic;
				INFOPLIST_FILE = DemoLogin/Info.plist;
				LD_RUNPATH_SEARCH_PATHS = "$(inherited) @executable_path/Frameworks";
				PRODUCT_BUNDLE_IDENTIFIER = com.eastagile.DemoLogin;
				PRODUCT_NAME = "$(TARGET_NAME)";
				TARGETED_DEVICE_FAMILY = "1,2";
			};
			name = Debug;
		};
		97F237571FDF660700135799 /* Release */ = {
			isa = XCBuildConfiguration;
			baseConfigurationReference = 0CE495528F4CA00E9A220CD2 /* Pods-DemoLogin.release.xcconfig */;
			buildSettings = {
				ASSETCATALOG_COMPILER_APPICON_NAME = AppIcon;
				CODE_SIGN_STYLE = Automatic;
				INFOPLIST_FILE = DemoLogin/Info.plist;
				LD_RUNPATH_SEARCH_PATHS = "$(inherited) @executable_path/Frameworks";
				PRODUCT_BUNDLE_IDENTIFIER = com.eastagile.DemoLogin;
				PRODUCT_NAME = "$(TARGET_NAME)";
				TARGETED_DEVICE_FAMILY = "1,2";
			};
			name = Release;
		};
		97F237591FDF660700135799 /* Debug */ = {
			isa = XCBuildConfiguration;
			baseConfigurationReference = 4315103C66D408B19B41CEC1 /* Pods-DemoLoginTests.debug.xcconfig */;
			buildSettings = {
				BUNDLE_LOADER = "$(TEST_HOST)";
				CODE_SIGN_STYLE = Automatic;
				INFOPLIST_FILE = DemoLoginTests/Info.plist;
				LD_RUNPATH_SEARCH_PATHS = "$(inherited) @executable_path/Frameworks @loader_path/Frameworks";
				PRODUCT_BUNDLE_IDENTIFIER = com.eastagile.DemoLoginTests;
				PRODUCT_NAME = "$(TARGET_NAME)";
				TARGETED_DEVICE_FAMILY = "1,2";
				TEST_HOST = "$(BUILT_PRODUCTS_DIR)/DemoLogin.app/DemoLogin";
			};
			name = Debug;
		};
		97F2375A1FDF660700135799 /* Release */ = {
			isa = XCBuildConfiguration;
			baseConfigurationReference = E9E1E33BF9A5A716AE27D080 /* Pods-DemoLoginTests.release.xcconfig */;
			buildSettings = {
				BUNDLE_LOADER = "$(TEST_HOST)";
				CODE_SIGN_STYLE = Automatic;
				INFOPLIST_FILE = DemoLoginTests/Info.plist;
				LD_RUNPATH_SEARCH_PATHS = "$(inherited) @executable_path/Frameworks @loader_path/Frameworks";
				PRODUCT_BUNDLE_IDENTIFIER = com.eastagile.DemoLoginTests;
				PRODUCT_NAME = "$(TARGET_NAME)";
				TARGETED_DEVICE_FAMILY = "1,2";
				TEST_HOST = "$(BUILT_PRODUCTS_DIR)/DemoLogin.app/DemoLogin";
			};
			name = Release;
		};
		97F2375C1FDF660700135799 /* Debug */ = {
			isa = XCBuildConfiguration;
			baseConfigurationReference = F7263080CC45A1897C58DDDC /* Pods-DemoLoginUITests.debug.xcconfig */;
			buildSettings = {
				CODE_SIGN_STYLE = Automatic;
				INFOPLIST_FILE = DemoLoginUITests/Info.plist;
				LD_RUNPATH_SEARCH_PATHS = "$(inherited) @executable_path/Frameworks @loader_path/Frameworks";
				PRODUCT_BUNDLE_IDENTIFIER = com.eastagile.DemoLoginUITests;
				PRODUCT_NAME = "$(TARGET_NAME)";
				TARGETED_DEVICE_FAMILY = "1,2";
				TEST_TARGET_NAME = DemoLogin;
			};
			name = Debug;
		};
		97F2375D1FDF660700135799 /* Release */ = {
			isa = XCBuildConfiguration;
			baseConfigurationReference = 5AF8C3F489D5F59278F797AE /* Pods-DemoLoginUITests.release.xcconfig */;
			buildSettings = {
				CODE_SIGN_STYLE = Automatic;
				INFOPLIST_FILE = DemoLoginUITests/Info.plist;
				LD_RUNPATH_SEARCH_PATHS = "$(inherited) @executable_path/Frameworks @loader_path/Frameworks";
				PRODUCT_BUNDLE_IDENTIFIER = com.eastagile.DemoLoginUITests;
				PRODUCT_NAME = "$(TARGET_NAME)";
				TARGETED_DEVICE_FAMILY = "1,2";
				TEST_TARGET_NAME = DemoLogin;
			};
			name = Release;
		};
/* End XCBuildConfiguration section */

/* Begin XCConfigurationList section */
		97F237241FDF660700135799 /* Build configuration list for PBXProject "DemoLogin" */ = {
			isa = XCConfigurationList;
			buildConfigurations = (
				97F237531FDF660700135799 /* Debug */,
				97F237541FDF660700135799 /* Release */,
			);
			defaultConfigurationIsVisible = 0;
			defaultConfigurationName = Release;
		};
		97F237551FDF660700135799 /* Build configuration list for PBXNativeTarget "DemoLogin" */ = {
			isa = XCConfigurationList;
			buildConfigurations = (
				97F237561FDF660700135799 /* Debug */,
				97F237571FDF660700135799 /* Release */,
			);
			defaultConfigurationIsVisible = 0;
			defaultConfigurationName = Release;
		};
		97F237581FDF660700135799 /* Build configuration list for PBXNativeTarget "DemoLoginTests" */ = {
			isa = XCConfigurationList;
			buildConfigurations = (
				97F237591FDF660700135799 /* Debug */,
				97F2375A1FDF660700135799 /* Release */,
			);
			defaultConfigurationIsVisible = 0;
			defaultConfigurationName = Release;
		};
		97F2375B1FDF660700135799 /* Build configuration list for PBXNativeTarget "DemoLoginUITests" */ = {
			isa = XCConfigurationList;
			buildConfigurations = (
				97F2375C1FDF660700135799 /* Debug */,
				97F2375D1FDF660700135799 /* Release */,
			);
			defaultConfigurationIsVisible = 0;
			defaultConfigurationName = Release;
		};
/* End XCConfigurationList section */
	};
	rootObject = 97F237211FDF660700135799 /* Project object */;
}
